PODS:
  - KeyHolder (3.0.1):
    - Magnet (~> 2.3)
  - Magnet (2.3.0)
  - ShellOut (2.0.0)
  - SwiftLint (0.27.0)

DEPENDENCIES:
  - KeyHolder
  - ShellOut
  - SwiftLint

SPEC REPOS:
  https://github.com/cocoapods/specs.git:
    - KeyHolder
    - Magnet
    - ShellOut
    - SwiftLint

SPEC CHECKSUMS:
  KeyHolder: 142932db4eac7420b003e2eae94c9a61b8b53cb1
  Magnet: 85344b019d023e26062199aeb5b4ad1f8d41c5df
  ShellOut: 1393eefc56892e80d85339e233d3935e2e1ff6f9
  SwiftLint: 3207c1faa2240bf8973b191820a116113cd11073

PODFILE CHECKSUM: 73273605e5bf12296f325e0fa4b1551ecc55d61a

COCOAPODS: 1.6.1
